schema: '2.0'
stages:
  prepare:
    cmd: python src/prepare.py PlantDetection
    deps:
    - path: ./PlantDetection
      hash: md5
      md5: 9204afc7022bc62c8e882e12627a46d4.dir
      size: 106917793
      nfiles: 730
    - path: src/prepare.py
      hash: md5
      md5: 03e2b72d2bc2a11e5ccd60ab651583fe
      size: 2817
    params:
      params.yaml:
        prepare.split: 640
    outs:
    - path: data/prepared
      hash: md5
      md5: 0769d4e257bebef320ab88c75d40fce6.dir
      size: 18642909
      nfiles: 78
  featurize:
    cmd: python src/featurization.py data/prepared BestModel/best.pt
    deps:
    - path: data/prepared
      hash: md5
      md5: 0769d4e257bebef320ab88c75d40fce6.dir
      size: 18642909
      nfiles: 78
    - path: src/featurization.py
      hash: md5
      md5: 453850f2c5cf840617422f7bdd414e39
      size: 3719
    params:
      params.yaml:
        featurize.ngrams: 1
        featurize.threshold_area: 10
    outs:
    - path: data/predictions
      hash: md5
      md5: 7f6fa39d359129ff1827d67f4cc96e4b.dir
      size: 18510689
      nfiles: 78
  evaluate:
    cmd: python src/evaluate.py data/predictions
    deps:
    - path: data/predictions
      hash: md5
      md5: 7f6fa39d359129ff1827d67f4cc96e4b.dir
      size: 18510689
      nfiles: 78
    - path: src/evaluate.py
      hash: md5
      md5: e067bf4e306d4eeff6b2cf7b087f1abe
      size: 3448
    outs:
    - path: data/eval
      hash: md5
      md5: d0d4db6544143724ef639e48f90cbc98.dir
      size: 19768236
      nfiles: 78
