schema: '2.0'
stages:
  prepare:
    cmd: python src/prepare.py PlantDetection
    deps:
    - path: ./PlantDetection
      hash: md5
      md5: 9204afc7022bc62c8e882e12627a46d4.dir
      size: 106917793
      nfiles: 730
    - path: src/prepare.py
      hash: md5
      md5: 44fa49de08bba4787f31812b3bbed0c5
      size: 1910
    params:
      params.yaml:
        prepare.split: 640
    outs:
    - path: data/prepared
      hash: md5
      md5: 0769d4e257bebef320ab88c75d40fce6.dir
      size: 18642909
      nfiles: 78
  featurize:
    cmd: python src/featurization.py data/prepared BestModel/best.pt
    deps:
    - path: data/prepared
      hash: md5
      md5: 0769d4e257bebef320ab88c75d40fce6.dir
      size: 18642909
      nfiles: 78
    - path: src/featurization.py
      hash: md5
      md5: 2f6d0f0579a6578427ba2ed20469e73d
      size: 2939
    params:
      params.yaml:
        featurize.ngrams: 1
        featurize.threshold_area: 10
    outs:
    - path: data/predictions
      hash: md5
      md5: 7f6fa39d359129ff1827d67f4cc96e4b.dir
      size: 18510689
      nfiles: 78
