schema: '2.0'
stages:
  prepare:
    cmd: python src/prepare.py PlantDetection
    deps:
    - path: ./PlantDetection
      hash: md5
      md5: 9204afc7022bc62c8e882e12627a46d4.dir
      size: 106917793
      nfiles: 730
    - path: src/prepare.py
      hash: md5
      md5: ea6fe3ed203105e04d62fa1873f6bc6a
      size: 2850
    params:
      params.yaml:
        prepare.split: 640
    outs:
    - path: data/prepared
      hash: md5
      md5: 0769d4e257bebef320ab88c75d40fce6.dir
      size: 18642909
      nfiles: 78
  featurize:
    cmd: python src/featurization.py data/prepared BestModel/best.pt
    deps:
    - path: data/prepared
      hash: md5
      md5: 0769d4e257bebef320ab88c75d40fce6.dir
      size: 18642909
      nfiles: 78
    - path: src/featurization.py
      hash: md5
      md5: c983869cb0a4e32fdcc7fc708237ddfc
      size: 3712
    params:
      params.yaml:
        featurize.ngrams: 1
        featurize.threshold_area: 10
    outs:
    - path: data/predictions
      hash: md5
      md5: f2dfebfb54aa5aa5b69b6cf142683788.dir
      size: 18510689
      nfiles: 78
  evaluate:
    cmd: python src/evaluate.py data/predictions
    deps:
    - path: data/predictions
      hash: md5
      md5: f2dfebfb54aa5aa5b69b6cf142683788.dir
      size: 18510689
      nfiles: 78
    - path: src/evaluate.py
      hash: md5
      md5: b0387f17a63a376ad1429c514df0a4ba
      size: 4917
    outs:
    - path: data/eval
      hash: md5
      md5: 76f6398ed638da2ac27b6ad00cdc0fa2.dir
      size: 40420432
      nfiles: 79
