schema: '2.0'
stages:
  prepare:
    cmd: python src/prepare.py PlantDetection
    deps:
    - path: ./PlantDetection
      hash: md5
      md5: 7644e78ea44d68aceb7569fb02e98c7c.dir
      size: 106917793
      nfiles: 730
    - path: src/prepare.py
      hash: md5
      md5: d98741f099d42dccd25edc8a056b6b34
      size: 3233
    params:
      params.yaml:
        prepare.split: 640
    outs:
    - path: data/prepared
      hash: md5
      md5: f920051e29fd7b63375ec115d54d30fa.dir
      size: 23659636
      nfiles: 108
  featurize:
    cmd: python src/featurization.py data/prepared BestModel/best.pt
    deps:
    - path: data/prepared
      hash: md5
      md5: f920051e29fd7b63375ec115d54d30fa.dir
      size: 23659636
      nfiles: 108
    - path: src/featurization.py
      hash: md5
      md5: d9c1550d8867043e76ebba79e7cd46f8
      size: 4463
    params:
      params.yaml:
        featurize.ngrams: 1
        featurize.threshold_area: 10
    outs:
    - path: data/predictions
      hash: md5
      md5: a380cfefb990d1bce1fe065bdb8708ab.dir
      size: 23521426
      nfiles: 109
  evaluate:
    cmd: python src/evaluate.py data/predictions
    deps:
    - path: data/predictions
      hash: md5
      md5: a380cfefb990d1bce1fe065bdb8708ab.dir
      size: 23521426
      nfiles: 109
    - path: src/evaluate.py
      hash: md5
      md5: 00a76cbdd34fabb674dc8403d1364ccc
      size: 6582
    outs:
    - path: data/eval
      hash: md5
      md5: 0106b3fe1dd25db8b7b1d1da04ed604a.dir
      size: 25933240
      nfiles: 108
